
Microsoft Visual Studio Solution File, Format Version 12.00
# Visual Studio Version 17
VisualStudioVersion = 17.11.35303.130
MinimumVisualStudioVersion = 10.0.40219.1
Project("{2150E333-8FDC-42A3-9474-1A3956D46DE8}") = "src", "src", "{236AD056-BEA7-4282-AF05-8ED451BCFE5D}"
EndProject
Project("{9A19103F-16F7-4668-BE54-9A1E7A4F7556}") = "LearnMAUI.Mobile", "src\LearnMAUI.Mobile\LearnMAUI.Mobile.csproj", "{4387F63D-1646-4B39-B188-4338898C56D4}"
EndProject
Project("{2150E333-8FDC-42A3-9474-1A3956D46DE8}") = "Chap04", "Chap04", "{D002BDCD-485F-4CCC-A707-5852134BF7C6}"
EndProject
Project("{FAE04EC0-301F-11D3-BF4B-00C04F79EFBC}") = "Learn04.Mobile", "src\Chap04\Learn04.Mobile\Learn04.Mobile.csproj", "{D3058BC2-9EF5-4133-B435-26018682D3FF}"
EndProject
Global
	GlobalSection(SolutionConfigurationPlatforms) = preSolution
		Debug|Any CPU = Debug|Any CPU
		Release|Any CPU = Release|Any CPU
	EndGlobalSection
	GlobalSection(ProjectConfigurationPlatforms) = postSolution
		{4387F63D-1646-4B39-B188-4338898C56D4}.Debug|Any CPU.ActiveCfg = Debug|Any CPU
		{4387F63D-1646-4B39-B188-4338898C56D4}.Debug|Any CPU.Build.0 = Debug|Any CPU
		{4387F63D-1646-4B39-B188-4338898C56D4}.Debug|Any CPU.Deploy.0 = Debug|Any CPU
		{4387F63D-1646-4B39-B188-4338898C56D4}.Release|Any CPU.ActiveCfg = Release|Any CPU
		{4387F63D-1646-4B39-B188-4338898C56D4}.Release|Any CPU.Build.0 = Release|Any CPU
		{4387F63D-1646-4B39-B188-4338898C56D4}.Release|Any CPU.Deploy.0 = Release|Any CPU
		{D3058BC2-9EF5-4133-B435-26018682D3FF}.Debug|Any CPU.ActiveCfg = Debug|Any CPU
		{D3058BC2-9EF5-4133-B435-26018682D3FF}.Debug|Any CPU.Build.0 = Debug|Any CPU
		{D3058BC2-9EF5-4133-B435-26018682D3FF}.Debug|Any CPU.Deploy.0 = Debug|Any CPU
		{D3058BC2-9EF5-4133-B435-26018682D3FF}.Release|Any CPU.ActiveCfg = Release|Any CPU
		{D3058BC2-9EF5-4133-B435-26018682D3FF}.Release|Any CPU.Build.0 = Release|Any CPU
		{D3058BC2-9EF5-4133-B435-26018682D3FF}.Release|Any CPU.Deploy.0 = Release|Any CPU
	EndGlobalSection
	GlobalSection(SolutionProperties) = preSolution
		HideSolutionNode = FALSE
	EndGlobalSection
	GlobalSection(NestedProjects) = preSolution
		{4387F63D-1646-4B39-B188-4338898C56D4} = {236AD056-BEA7-4282-AF05-8ED451BCFE5D}
		{D002BDCD-485F-4CCC-A707-5852134BF7C6} = {236AD056-BEA7-4282-AF05-8ED451BCFE5D}
		{D3058BC2-9EF5-4133-B435-26018682D3FF} = {D002BDCD-485F-4CCC-A707-5852134BF7C6}
	EndGlobalSection
	GlobalSection(ExtensibilityGlobals) = postSolution
		SolutionGuid = {42C2B067-3CD2-437B-9969-ABEACF2DA170}
	EndGlobalSection
EndGlobal
